
Microsoft Visual Studio Solution File, Format Version 12.00
# Visual Studio Version 17
VisualStudioVersion = 17.10.35027.167
MinimumVisualStudioVersion = 10.0.40219.1
Project("{FAE04EC0-301F-11D3-BF4B-00C04F79EFBC}") = "Day4", "Day4.csproj", "{C82C04F0-08C2-4F8F-874F-A63291CA5F53}"
EndProject
Global
	GlobalSection(SolutionConfigurationPlatforms) = preSolution
		Debug|Any CPU = Debug|Any CPU
		Release|Any CPU = Release|Any CPU
	EndGlobalSection
	GlobalSection(ProjectConfigurationPlatforms) = postSolution
		{C82C04F0-08C2-4F8F-874F-A63291CA5F53}.Debug|Any CPU.ActiveCfg = Debug|Any CPU
		{C82C04F0-08C2-4F8F-874F-A63291CA5F53}.Debug|Any CPU.Build.0 = Debug|Any CPU
		{C82C04F0-08C2-4F8F-874F-A63291CA5F53}.Release|Any CPU.ActiveCfg = Release|Any CPU
		{C82C04F0-08C2-4F8F-874F-A63291CA5F53}.Release|Any CPU.Build.0 = Release|Any CPU
	EndGlobalSection
	GlobalSection(SolutionProperties) = preSolution
		HideSolutionNode = FALSE
	EndGlobalSection
	GlobalSection(ExtensibilityGlobals) = postSolution
		SolutionGuid = {C1AC88BE-A5E2-469A-95F6-9F3D8B7F4189}
	EndGlobalSection
EndGlobal
