
Microsoft Visual Studio Solution File, Format Version 12.00
# Visual Studio Version 17
VisualStudioVersion = 17.10.35027.167
MinimumVisualStudioVersion = 10.0.40219.1
Project("{FAE04EC0-301F-11D3-BF4B-00C04F79EFBC}") = "Day5", "Day5.csproj", "{1F0BBAC7-7477-4DEA-91BE-87BEEA5C5446}"
EndProject
Global
	GlobalSection(SolutionConfigurationPlatforms) = preSolution
		Debug|Any CPU = Debug|Any CPU
		Release|Any CPU = Release|Any CPU
	EndGlobalSection
	GlobalSection(ProjectConfigurationPlatforms) = postSolution
		{1F0BBAC7-7477-4DEA-91BE-87BEEA5C5446}.Debug|Any CPU.ActiveCfg = Debug|Any CPU
		{1F0BBAC7-7477-4DEA-91BE-87BEEA5C5446}.Debug|Any CPU.Build.0 = Debug|Any CPU
		{1F0BBAC7-7477-4DEA-91BE-87BEEA5C5446}.Release|Any CPU.ActiveCfg = Release|Any CPU
		{1F0BBAC7-7477-4DEA-91BE-87BEEA5C5446}.Release|Any CPU.Build.0 = Release|Any CPU
	EndGlobalSection
	GlobalSection(SolutionProperties) = preSolution
		HideSolutionNode = FALSE
	EndGlobalSection
	GlobalSection(ExtensibilityGlobals) = postSolution
		SolutionGuid = {50BE5166-71BB-4FD7-905F-43FCDB8DF649}
	EndGlobalSection
EndGlobal
